
Microsoft Visual Studio Solution File, Format Version 12.00
# Visual Studio Version 17
VisualStudioVersion = 17.1.32421.90
MinimumVisualStudioVersion = 10.0.40219.1
Project("{FAE04EC0-301F-11D3-BF4B-00C04F79EFBC}") = "WindowsFormsGyumolcs", "WindowsFormsGyumolcs\WindowsFormsGyumolcs.csproj", "{F2745B8C-1ADA-49FC-B2EC-792210A3605C}"
EndProject
Global
	GlobalSection(SolutionConfigurationPlatforms) = preSolution
		Debug|Any CPU = Debug|Any CPU
		Release|Any CPU = Release|Any CPU
	EndGlobalSection
	GlobalSection(ProjectConfigurationPlatforms) = postSolution
		{F2745B8C-1ADA-49FC-B2EC-792210A3605C}.Debug|Any CPU.ActiveCfg = Debug|Any CPU
		{F2745B8C-1ADA-49FC-B2EC-792210A3605C}.Debug|Any CPU.Build.0 = Debug|Any CPU
		{F2745B8C-1ADA-49FC-B2EC-792210A3605C}.Release|Any CPU.ActiveCfg = Release|Any CPU
		{F2745B8C-1ADA-49FC-B2EC-792210A3605C}.Release|Any CPU.Build.0 = Release|Any CPU
	EndGlobalSection
	GlobalSection(SolutionProperties) = preSolution
		HideSolutionNode = FALSE
	EndGlobalSection
	GlobalSection(ExtensibilityGlobals) = postSolution
		SolutionGuid = {8457158D-C6F7-48E2-8D7F-0219BA16066B}
	EndGlobalSection
EndGlobal
